{
  "requires": true,
  "lockfileVersion": 1,
  "dependencies": {
    "@fooloomanzoo/datetime-input": {
      "version": "2.3.7",
      "resolved": "https://registry.npmjs.org/@fooloomanzoo/datetime-input/-/datetime-input-2.3.7.tgz",
      "integrity": "sha512-qdiSSX+IF0FnSG+3zmxR0U6pOqwZoyrJ96l4jw/z2Jf/lAncnBfgh32A0nJqxNjXsF+P3OvMXFUGvVLME4aCDw==",
      "requires": {
        "@fooloomanzoo/input-picker-pattern": "^2",
        "@fooloomanzoo/number-input": "^2",
        "@fooloomanzoo/property-mixins": "^2",
        "@polymer/polymer": "^2"
      },
      "dependencies": {
        "@polymer/polymer": {
          "version": "2.6.1",
          "resolved": "https://registry.npmjs.org/@polymer/polymer/-/polymer-2.6.1.tgz",
          "integrity": "sha512-XBzaKlSZ094i8zfkOgczn08Gk4TWPLtGh3leANGIKLuzboid4totBt2RkBgHjRl8DgY6Up3+Jm+3lHz6W8QA+g=="
        }
      }
    },
    "@fooloomanzoo/datetime-picker": {
      "version": "2.9.1",
      "resolved": "https://registry.npmjs.org/@fooloomanzoo/datetime-picker/-/datetime-picker-2.9.1.tgz",
      "integrity": "sha512-IQdpOa2YqzR5Eu8J9seq8uCYlUj6Juoh15qKml3u/SFe+WD2VpYc0t8871y9Wdqc5yIjFUN3xK44sbhsLr16ZA==",
      "requires": {
        "@fooloomanzoo/datetime-input": "^2.2.4",
        "@fooloomanzoo/input-picker-pattern": "^2.1.8",
        "@fooloomanzoo/number-input": "^2.2.2",
        "@fooloomanzoo/property-mixins": "^2.3.8",
        "@polymer/polymer": "^2"
      },
      "dependencies": {
        "@polymer/polymer": {
          "version": "2.6.1",
          "resolved": "https://registry.npmjs.org/@polymer/polymer/-/polymer-2.6.1.tgz",
          "integrity": "sha512-XBzaKlSZ094i8zfkOgczn08Gk4TWPLtGh3leANGIKLuzboid4totBt2RkBgHjRl8DgY6Up3+Jm+3lHz6W8QA+g=="
        }
      }
    },
    "@fooloomanzoo/input-picker-pattern": {
      "version": "2.3.7",
      "resolved": "https://registry.npmjs.org/@fooloomanzoo/input-picker-pattern/-/input-picker-pattern-2.3.7.tgz",
      "integrity": "sha512-QCMwIud+ijaMA9r/csy3eXeXGIABt6Wu4q0ynJ2lVbk4lcUzjRxThrID5YYxXkRtR/cfU2lhHaqqUJhE2SaMNw==",
      "requires": {
        "@polymer/iron-overlay-behavior": "*",
        "@polymer/polymer": "^2"
      },
      "dependencies": {
        "@polymer/polymer": {
          "version": "2.6.1",
          "resolved": "https://registry.npmjs.org/@polymer/polymer/-/polymer-2.6.1.tgz",
          "integrity": "sha512-XBzaKlSZ094i8zfkOgczn08Gk4TWPLtGh3leANGIKLuzboid4totBt2RkBgHjRl8DgY6Up3+Jm+3lHz6W8QA+g=="
        }
      }
    },
    "@fooloomanzoo/number-input": {
      "version": "2.3.8",
      "resolved": "https://registry.npmjs.org/@fooloomanzoo/number-input/-/number-input-2.3.8.tgz",
      "integrity": "sha512-C+oqOxFJaV40QZQMV7ATtZURHQFq/yE2NelwtB8HoQVm3hfimi5w+ZK5GkjYqZofFU9FKcOau426qfoPNaQk4Q==",
      "requires": {
        "@fooloomanzoo/input-picker-pattern": "^2",
        "@fooloomanzoo/property-mixins": "^2",
        "@polymer/polymer": "^2"
      },
      "dependencies": {
        "@polymer/polymer": {
          "version": "2.6.1",
          "resolved": "https://registry.npmjs.org/@polymer/polymer/-/polymer-2.6.1.tgz",
          "integrity": "sha512-XBzaKlSZ094i8zfkOgczn08Gk4TWPLtGh3leANGIKLuzboid4totBt2RkBgHjRl8DgY6Up3+Jm+3lHz6W8QA+g=="
        }
      }
    },
    "@fooloomanzoo/property-mixins": {
      "version": "2.5.1",
      "resolved": "https://registry.npmjs.org/@fooloomanzoo/property-mixins/-/property-mixins-2.5.1.tgz",
      "integrity": "sha512-WB6PcKn+yUB5xYEunhmV1SL6QqsSd+kXPOAdPrtq7Iv/5pvZpy//L7B1xeQ9PQ7m5RunkCkzIpSuGQBuP5Eiig=="
    },
    "@polymer/iron-a11y-keys-behavior": {
      "version": "3.0.1",
      "resolved": "https://registry.npmjs.org/@polymer/iron-a11y-keys-behavior/-/iron-a11y-keys-behavior-3.0.1.tgz",
      "integrity": "sha512-lnrjKq3ysbBPT/74l0Fj0U9H9C35Tpw2C/tpJ8a+5g8Y3YJs1WSZYnEl1yOkw6sEyaxOq/1DkzH0+60gGu5/PQ==",
      "requires": {
        "@polymer/polymer": "^3.0.0"
      }
    },
    "@polymer/iron-fit-behavior": {
      "version": "3.0.1",
      "resolved": "https://registry.npmjs.org/@polymer/iron-fit-behavior/-/iron-fit-behavior-3.0.1.tgz",
      "integrity": "sha512-/M0B1L30k31vmwNBaGuZcxzUAhJSHoGccb/DF0CDKI/hT8UlkTvcyemaWdOpmHHLgY52ceKIkRwA3AeXrKyvaQ==",
      "requires": {
        "@polymer/polymer": "^3.0.0"
      }
    },
    "@polymer/iron-overlay-behavior": {
      "version": "3.0.2",
      "resolved": "https://registry.npmjs.org/@polymer/iron-overlay-behavior/-/iron-overlay-behavior-3.0.2.tgz",
      "integrity": "sha512-j1qmt6mJHCwpe1mKOvqK5kcCUPQr5LSrlqpgRDbUuLgUfNJ/vGTipjrkBlfbEUagm5FEQdc1VLPLSQP6WVuP9g==",
      "requires": {
        "@polymer/iron-a11y-keys-behavior": "^3.0.0-pre.26",
        "@polymer/iron-fit-behavior": "^3.0.0-pre.26",
        "@polymer/iron-resizable-behavior": "^3.0.0-pre.26",
        "@polymer/polymer": "^3.0.0"
      }
    },
    "@polymer/iron-resizable-behavior": {
      "version": "3.0.1",
      "resolved": "https://registry.npmjs.org/@polymer/iron-resizable-behavior/-/iron-resizable-behavior-3.0.1.tgz",
      "integrity": "sha512-FyHxRxFspVoRaeZSWpT3y0C9awomb4tXXolIJcZ7RvXhMP632V5lez+ch5G5SwK0LpnAPkg35eB0LPMFv+YMMQ==",
      "requires": {
        "@polymer/polymer": "^3.0.0"
      }
    },
    "@polymer/polymer": {
      "version": "3.0.5",
      "resolved": "https://registry.npmjs.org/@polymer/polymer/-/polymer-3.0.5.tgz",
      "integrity": "sha512-Zbmhtr5vZ3NoHWwFYLKI4ff7yfE6DZopI8vaS7HvmUIuNqsv/EpEDXfNEYjqePQmkMX5LU9OIKV1eX/+9aveow==",
      "requires": {
        "@webcomponents/shadycss": "^1.2.0"
      }
    },
    "@webcomponents/shadycss": {
      "version": "1.5.2",
      "resolved": "https://registry.npmjs.org/@webcomponents/shadycss/-/shadycss-1.5.2.tgz",
      "integrity": "sha512-0OyrmVc7S+INtzoqP2ofAo+OdVn2Nj0Qvq4wD9FEGN7nMmLRxaD2mzy6hD6EslzxUSuGH302CDU4KXiY66SEqg=="
    }
  }
}
